// !$*UTF8*$!
{
	archiveVersion = 1;
	classes = {
	};
	objectVersion = 46;
	objects = {

/* Begin PBXBuildFile section */
		C9DF91D41DF183A6002FDEAA /* main.cpp in Sources */ = {isa = PBXBuildFile; fileRef = C9DF91D31DF183A6002FDEAA /* main.cpp */; };
		C9DF91DC1DF1A15F002FDEAA /* generatorSlow.cpp in Sources */ = {isa = PBXBuildFile; fileRef = C9DF91DA1DF1A15F002FDEAA /* generatorSlow.cpp */; };
		C9DF91DF1DF1A7F0002FDEAA /* wyborSlow.cpp in Sources */ = {isa = PBXBuildFile; fileRef = C9DF91DD1DF1A7F0002FDEAA /* wyborSlow.cpp */; };
/* End PBXBuildFile section */

/* Begin PBXCopyFilesBuildPhase section */
		C9DF91CE1DF183A6002FDEAA /* CopyFiles */ = {
			isa = PBXCopyFilesBuildPhase;
			buildActionMask = 2147483647;
			dstPath = /usr/share/man/man1/;
			dstSubfolderSpec = 0;
			files = (
			);
			runOnlyForDeploymentPostprocessing = 1;
		};
/* End PBXCopyFilesBuildPhase section */

/* Begin PBXFileReference section */
		C9DF91D01DF183A6002FDEAA /* Projekt_na_zaliczenie */ = {isa = PBXFileReference; explicitFileType = "compiled.mach-o.executable"; includeInIndex = 0; path = Projekt_na_zaliczenie; sourceTree = BUILT_PRODUCTS_DIR; };
		C9DF91D31DF183A6002FDEAA /* main.cpp */ = {isa = PBXFileReference; lastKnownFileType = sourcecode.cpp.cpp; path = main.cpp; sourceTree = "<group>"; };
		C9DF91DA1DF1A15F002FDEAA /* generatorSlow.cpp */ = {isa = PBXFileReference; fileEncoding = 4; lastKnownFileType = sourcecode.cpp.cpp; path = generatorSlow.cpp; sourceTree = "<group>"; };
		C9DF91DB1DF1A15F002FDEAA /* generatorSlow.hpp */ = {isa = PBXFileReference; fileEncoding = 4; lastKnownFileType = sourcecode.cpp.h; path = generatorSlow.hpp; sourceTree = "<group>"; };
		C9DF91DD1DF1A7F0002FDEAA /* wyborSlow.cpp */ = {isa = PBXFileReference; fileEncoding = 4; lastKnownFileType = sourcecode.cpp.cpp; path = wyborSlow.cpp; sourceTree = "<group>"; };
		C9DF91DE1DF1A7F0002FDEAA /* wyborSlow.hpp */ = {isa = PBXFileReference; fileEncoding = 4; lastKnownFileType = sourcecode.cpp.h; path = wyborSlow.hpp; sourceTree = "<group>"; };
/* End PBXFileReference section */

/* Begin PBXFrameworksBuildPhase section */
		C9DF91CD1DF183A6002FDEAA /* Frameworks */ = {
			isa = PBXFrameworksBuildPhase;
			buildActionMask = 2147483647;
			files = (
			);
			runOnlyForDeploymentPostprocessing = 0;
		};
/* End PBXFrameworksBuildPhase section */

/* Begin PBXGroup section */
		C9DF91C71DF183A6002FDEAA = {
			isa = PBXGroup;
			children = (
				C9DF91D21DF183A6002FDEAA /* Projekt_na_zaliczenie */,
				C9DF91D11DF183A6002FDEAA /* Products */,
			);
			sourceTree = "<group>";
		};
		C9DF91D11DF183A6002FDEAA /* Products */ = {
			isa = PBXGroup;
			children = (
				C9DF91D01DF183A6002FDEAA /* Projekt_na_zaliczenie */,
			);
			name = Products;
			sourceTree = "<group>";
		};
		C9DF91D21DF183A6002FDEAA /* Projekt_na_zaliczenie */ = {
			isa = PBXGroup;
			children = (
				C9DF91D31DF183A6002FDEAA /* main.cpp */,
				C9DF91DA1DF1A15F002FDEAA /* generatorSlow.cpp */,
				C9DF91DD1DF1A7F0002FDEAA /* wyborSlow.cpp */,
				C9DF91DE1DF1A7F0002FDEAA /* wyborSlow.hpp */,
				C9DF91DB1DF1A15F002FDEAA /* generatorSlow.hpp */,
			);
			path = Projekt_na_zaliczenie;
			sourceTree = "<group>";
		};
/* End PBXGroup section */

/* Begin PBXNativeTarget section */
		C9DF91CF1DF183A6002FDEAA /* Projekt_na_zaliczenie */ = {
			isa = PBXNativeTarget;
			buildConfigurationList = C9DF91D71DF183A6002FDEAA /* Build configuration list for PBXNativeTarget "Projekt_na_zaliczenie" */;
			buildPhases = (
				C9DF91CC1DF183A6002FDEAA /* Sources */,
				C9DF91CD1DF183A6002FDEAA /* Frameworks */,
				C9DF91CE1DF183A6002FDEAA /* CopyFiles */,
			);
			buildRules = (
			);
			dependencies = (
			);
			name = Projekt_na_zaliczenie;
			productName = Projekt_na_zaliczenie;
			productReference = C9DF91D01DF183A6002FDEAA /* Projekt_na_zaliczenie */;
			productType = "com.apple.product-type.tool";
		};
/* End PBXNativeTarget section */

/* Begin PBXProject section */
		C9DF91C81DF183A6002FDEAA /* Project object */ = {
			isa = PBXProject;
			attributes = {
				LastUpgradeCheck = 0810;
				ORGANIZATIONNAME = "Mateusz Podlasinski";
				TargetAttributes = {
					C9DF91CF1DF183A6002FDEAA = {
						CreatedOnToolsVersion = 8.1;
						ProvisioningStyle = Automatic;
					};
				};
			};
			buildConfigurationList = C9DF91CB1DF183A6002FDEAA /* Build configuration list for PBXProject "Projekt_na_zaliczenie" */;
			compatibilityVersion = "Xcode 3.2";
			developmentRegion = English;
			hasScannedForEncodings = 0;
			knownRegions = (
				en,
			);
			mainGroup = C9DF91C71DF183A6002FDEAA;
			productRefGroup = C9DF91D11DF183A6002FDEAA /* Products */;
			projectDirPath = "";
			projectRoot = "";
			targets = (
				C9DF91CF1DF183A6002FDEAA /* Projekt_na_zaliczenie */,
			);
		};
/* End PBXProject section */

/* Begin PBXSourcesBuildPhase section */
		C9DF91CC1DF183A6002FDEAA /* Sources */ = {
			isa = PBXSourcesBuildPhase;
			buildActionMask = 2147483647;
			files = (
				C9DF91DC1DF1A15F002FDEAA /* generatorSlow.cpp in Sources */,
				C9DF91D41DF183A6002FDEAA /* main.cpp in Sources */,
				C9DF91DF1DF1A7F0002FDEAA /* wyborSlow.cpp in Sources */,
			);
			runOnlyForDeploymentPostprocessing = 0;
		};
/* End PBXSourcesBuildPhase section */

/* Begin XCBuildConfiguration section */
		C9DF91D51DF183A6002FDEAA /* Debug */ = {
			isa = XCBuildConfiguration;
			buildSettings = {
				ALWAYS_SEARCH_USER_PATHS = NO;
				CLANG_ANALYZER_NONNULL = YES;
				CLANG_CXX_LANGUAGE_STANDARD = "gnu++0x";
				CLANG_CXX_LIBRARY = "libc++";
				CLANG_ENABLE_MODULES = YES;
				CLANG_ENABLE_OBJC_ARC = YES;
				CLANG_WARN_BOOL_CONVERSION = YES;
				CLANG_WARN_CONSTANT_CONVERSION = YES;
				CLANG_WARN_DIRECT_OBJC_ISA_USAGE = YES_ERROR;
				CLANG_WARN_DOCUMENTATION_COMMENTS = YES;
				CLANG_WARN_EMPTY_BODY = YES;
				CLANG_WARN_ENUM_CONVERSION = YES;
				CLANG_WARN_INFINITE_RECURSION = YES;
				CLANG_WARN_INT_CONVERSION = YES;
				CLANG_WARN_OBJC_ROOT_CLASS = YES_ERROR;
				CLANG_WARN_SUSPICIOUS_MOVES = YES;
				CLANG_WARN_UNREACHABLE_CODE = YES;
				CLANG_WARN__DUPLICATE_METHOD_MATCH = YES;
				CODE_SIGN_IDENTITY = "-";
				COPY_PHASE_STRIP = NO;
				DEBUG_INFORMATION_FORMAT = dwarf;
				ENABLE_STRICT_OBJC_MSGSEND = YES;
				ENABLE_TESTABILITY = YES;
				GCC_C_LANGUAGE_STANDARD = gnu99;
				GCC_DYNAMIC_NO_PIC = NO;
				GCC_NO_COMMON_BLOCKS = YES;
				GCC_OPTIMIZATION_LEVEL = 0;
				GCC_PREPROCESSOR_DEFINITIONS = (
					"DEBUG=1",
					"$(inherited)",
				);
				GCC_WARN_64_TO_32_BIT_CONVERSION = YES;
				GCC_WARN_ABOUT_RETURN_TYPE = YES_ERROR;
				GCC_WARN_UNDECLARED_SELECTOR = YES;
				GCC_WARN_UNINITIALIZED_AUTOS = YES_AGGRESSIVE;
				GCC_WARN_UNUSED_FUNCTION = YES;
				GCC_WARN_UNUSED_VARIABLE = YES;
				MACOSX_DEPLOYMENT_TARGET = 10.12;
				MTL_ENABLE_DEBUG_INFO = YES;
				ONLY_ACTIVE_ARCH = YES;
				SDKROOT = macosx;
			};
			name = Debug;
		};
		C9DF91D61DF183A6002FDEAA /* Release */ = {
			isa = XCBuildConfiguration;
			buildSettings = {
				ALWAYS_SEARCH_USER_PATHS = NO;
				CLANG_ANALYZER_NONNULL = YES;
				CLANG_CXX_LANGUAGE_STANDARD = "gnu++0x";
				CLANG_CXX_LIBRARY = "libc++";
				CLANG_ENABLE_MODULES = YES;
				CLANG_ENABLE_OBJC_ARC = YES;
				CLANG_WARN_BOOL_CONVERSION = YES;
				CLANG_WARN_CONSTANT_CONVERSION = YES;
				CLANG_WARN_DIRECT_OBJC_ISA_USAGE = YES_ERROR;
				CLANG_WARN_DOCUMENTATION_COMMENTS = YES;
				CLANG_WARN_EMPTY_BODY = YES;
				CLANG_WARN_ENUM_CONVERSION = YES;
				CLANG_WARN_INFINITE_RECURSION = YES;
				CLANG_WARN_INT_CONVERSION = YES;
				CLANG_WARN_OBJC_ROOT_CLASS = YES_ERROR;
				CLANG_WARN_SUSPICIOUS_MOVES = YES;
				CLANG_WARN_UNREACHABLE_CODE = YES;
				CLANG_WARN__DUPLICATE_METHOD_MATCH = YES;
				CODE_SIGN_IDENTITY = "-";
				COPY_PHASE_STRIP = NO;
				DEBUG_INFORMATION_FORMAT = "dwarf-with-dsym";
				ENABLE_NS_ASSERTIONS = NO;
				ENABLE_STRICT_OBJC_MSGSEND = YES;
				GCC_C_LANGUAGE_STANDARD = gnu99;
				GCC_NO_COMMON_BLOCKS = YES;
				GCC_WARN_64_TO_32_BIT_CONVERSION = YES;
				GCC_WARN_ABOUT_RETURN_TYPE = YES_ERROR;
				GCC_WARN_UNDECLARED_SELECTOR = YES;
				GCC_WARN_UNINITIALIZED_AUTOS = YES_AGGRESSIVE;
				GCC_WARN_UNUSED_FUNCTION = YES;
				GCC_WARN_UNUSED_VARIABLE = YES;
				MACOSX_DEPLOYMENT_TARGET = 10.12;
				MTL_ENABLE_DEBUG_INFO = NO;
				SDKROOT = macosx;
			};
			name = Release;
		};
		C9DF91D81DF183A6002FDEAA /* Debug */ = {
			isa = XCBuildConfiguration;
			buildSettings = {
				PRODUCT_NAME = "$(TARGET_NAME)";
			};
			name = Debug;
		};
		C9DF91D91DF183A6002FDEAA /* Release */ = {
			isa = XCBuildConfiguration;
			buildSettings = {
				PRODUCT_NAME = "$(TARGET_NAME)";
			};
			name = Release;
		};
/* End XCBuildConfiguration section */

/* Begin XCConfigurationList section */
		C9DF91CB1DF183A6002FDEAA /* Build configuration list for PBXProject "Projekt_na_zaliczenie" */ = {
			isa = XCConfigurationList;
			buildConfigurations = (
				C9DF91D51DF183A6002FDEAA /* Debug */,
				C9DF91D61DF183A6002FDEAA /* Release */,
			);
			defaultConfigurationIsVisible = 0;
			defaultConfigurationName = Release;
		};
		C9DF91D71DF183A6002FDEAA /* Build configuration list for PBXNativeTarget "Projekt_na_zaliczenie" */ = {
			isa = XCConfigurationList;
			buildConfigurations = (
				C9DF91D81DF183A6002FDEAA /* Debug */,
				C9DF91D91DF183A6002FDEAA /* Release */,
			);
			defaultConfigurationIsVisible = 0;
		};
/* End XCConfigurationList section */
	};
	rootObject = C9DF91C81DF183A6002FDEAA /* Project object */;
}
